{
    "_readme": [
        "This file locks the dependencies of your project to a known state",
        "Read more about it at https://getcomposer.org/doc/01-basic-usage.md#installing-dependencies",
        "This file is @generated automatically"
    ],
    "content-hash": "8d22dd66c6cde0b1ed4ca0009293bf88",
    "packages": [
        {
            "name": "docopt/docopt",
            "version": "1.0.5",
            "source": {
                "type": "git",
                "url": "https://github.com/docopt/docopt.php.git",
                "reference": "0e3db660cf2f2eb07a83253790b7d97cdb398826"
            },
            "dist": {
                "type": "zip",
                "url": "https://api.github.com/repos/docopt/docopt.php/zipball/0e3db660cf2f2eb07a83253790b7d97cdb398826",
                "reference": "0e3db660cf2f2eb07a83253790b7d97cdb398826",
                "shasum": ""
            },
            "require": {
                "php": ">=5.3.0"
            },
            "type": "library",
            "autoload": {
                "classmap": [
                    "src/docopt.php"
                ]
            },
            "notification-url": "https://packagist.org/downloads/",
            "license": [
                "MIT"
            ],
            "authors": [
                {
                    "name": "Blake Williams",
                    "email": "code@shabbyrobe.org",
                    "homepage": "http://docopt.org/",
                    "role": "Developer"
                }
            ],
            "description": "Port of Python's docopt for PHP >=5.3",
            "homepage": "http://github.com/docopt/docopt.php",
            "keywords": [
                "cli",
                "docs"
            ],
            "support": {
                "issues": "https://github.com/docopt/docopt.php/issues",
                "source": "https://github.com/docopt/docopt.php/tree/1.0.5"
            },
            "time": "2023-03-22T12:31:48+00:00"
        },
        {
            "name": "guzzlehttp/guzzle",
            "version": "7.5.0",
            "source": {
                "type": "git",
                "url": "https://github.com/guzzle/guzzle.git",
                "reference": "b50a2a1251152e43f6a37f0fa053e730a67d25ba"
            },
            "dist": {
                "type": "zip",
                "url": "https://api.github.com/repos/guzzle/guzzle/zipball/b50a2a1251152e43f6a37f0fa053e730a67d25ba",
                "reference": "b50a2a1251152e43f6a37f0fa053e730a67d25ba",
                "shasum": ""
            },
            "require": {
                "ext-json": "*",
                "guzzlehttp/promises": "^1.5",
                "guzzlehttp/psr7": "^1.9 || ^2.4",
                "php": "^7.2.5 || ^8.0",
                "psr/http-client": "^1.0",
                "symfony/deprecation-contracts": "^2.2 || ^3.0"
            },
            "provide": {
                "psr/http-client-implementation": "1.0"
            },
            "require-dev": {
                "bamarni/composer-bin-plugin": "^1.8.1",
                "ext-curl": "*",
                "php-http/client-integration-tests": "^3.0",
                "phpunit/phpunit": "^8.5.29 || ^9.5.23",
                "psr/log": "^1.1 || ^2.0 || ^3.0"
            },
            "suggest": {
                "ext-curl": "Required for CURL handler support",
                "ext-intl": "Required for Internationalized Domain Name (IDN) support",
                "psr/log": "Required for using the Log middleware"
            },
            "type": "library",
            "extra": {
                "bamarni-bin": {
                    "bin-links": true,
                    "forward-command": false
                },
                "branch-alias": {
                    "dev-master": "7.5-dev"
                }
            },
            "autoload": {
                "files": [
                    "src/functions_include.php"
                ],
                "psr-4": {
                    "GuzzleHttp\\": "src/"
                }
            },
            "notification-url": "https://packagist.org/downloads/",
            "license": [
                "MIT"
            ],
            "authors": [
                {
                    "name": "Graham Campbell",
                    "email": "hello@gjcampbell.co.uk",
                    "homepage": "https://github.com/GrahamCampbell"
                },
                {
                    "name": "Michael Dowling",
                    "email": "mtdowling@gmail.com",
                    "homepage": "https://github.com/mtdowling"
                },
                {
                    "name": "Jeremy Lindblom",
                    "email": "jeremeamia@gmail.com",
                    "homepage": "https://github.com/jeremeamia"
                },
                {
                    "name": "George Mponos",
                    "email": "gmponos@gmail.com",
                    "homepage": "https://github.com/gmponos"
                },
                {
                    "name": "Tobias Nyholm",
                    "email": "tobias.nyholm@gmail.com",
                    "homepage": "https://github.com/Nyholm"
                },
                {
                    "name": "Márk Sági-Kazár",
                    "email": "mark.sagikazar@gmail.com",
                    "homepage": "https://github.com/sagikazarmark"
                },
                {
                    "name": "Tobias Schultze",
                    "email": "webmaster@tubo-world.de",
                    "homepage": "https://github.com/Tobion"
                }
            ],
            "description": "Guzzle is a PHP HTTP client library",
            "keywords": [
                "client",
                "curl",
                "framework",
                "http",
                "http client",
                "psr-18",
                "psr-7",
                "rest",
                "web service"
            ],
            "support": {
                "issues": "https://github.com/guzzle/guzzle/issues",
                "source": "https://github.com/guzzle/guzzle/tree/7.5.0"
            },
            "funding": [
                {
                    "url": "https://github.com/GrahamCampbell",
                    "type": "github"
                },
                {
                    "url": "https://github.com/Nyholm",
                    "type": "github"
                },
                {
                    "url": "https://tidelift.com/funding/github/packagist/guzzlehttp/guzzle",
                    "type": "tidelift"
                }
            ],
            "time": "2022-08-28T15:39:27+00:00"
        },
        {
            "name": "guzzlehttp/promises",
            "version": "1.5.2",
            "source": {
                "type": "git",
                "url": "https://github.com/guzzle/promises.git",
                "reference": "b94b2807d85443f9719887892882d0329d1e2598"
            },
            "dist": {
                "type": "zip",
                "url": "https://api.github.com/repos/guzzle/promises/zipball/b94b2807d85443f9719887892882d0329d1e2598",
                "reference": "b94b2807d85443f9719887892882d0329d1e2598",
                "shasum": ""
            },
            "require": {
                "php": ">=5.5"
            },
            "require-dev": {
                "symfony/phpunit-bridge": "^4.4 || ^5.1"
            },
            "type": "library",
            "extra": {
                "branch-alias": {
                    "dev-master": "1.5-dev"
                }
            },
            "autoload": {
                "files": [
                    "src/functions_include.php"
                ],
                "psr-4": {
                    "GuzzleHttp\\Promise\\": "src/"
                }
            },
            "notification-url": "https://packagist.org/downloads/",
            "license": [
                "MIT"
            ],
            "authors": [
                {
                    "name": "Graham Campbell",
                    "email": "hello@gjcampbell.co.uk",
                    "homepage": "https://github.com/GrahamCampbell"
                },
                {
                    "name": "Michael Dowling",
                    "email": "mtdowling@gmail.com",
                    "homepage": "https://github.com/mtdowling"
                },
                {
                    "name": "Tobias Nyholm",
                    "email": "tobias.nyholm@gmail.com",
                    "homepage": "https://github.com/Nyholm"
                },
                {
                    "name": "Tobias Schultze",
                    "email": "webmaster@tubo-world.de",
                    "homepage": "https://github.com/Tobion"
                }
            ],
            "description": "Guzzle promises library",
            "keywords": [
                "promise"
            ],
            "support": {
                "issues": "https://github.com/guzzle/promises/issues",
                "source": "https://github.com/guzzle/promises/tree/1.5.2"
            },
            "funding": [
                {
                    "url": "https://github.com/GrahamCampbell",
                    "type": "github"
                },
                {
                    "url": "https://github.com/Nyholm",
                    "type": "github"
                },
                {
                    "url": "https://tidelift.com/funding/github/packagist/guzzlehttp/promises",
                    "type": "tidelift"
                }
            ],
            "time": "2022-08-28T14:55:35+00:00"
        },
        {
            "name": "guzzlehttp/psr7",
            "version": "2.4.4",
            "source": {
                "type": "git",
                "url": "https://github.com/guzzle/psr7.git",
                "reference": "3cf1b6d4f0c820a2cf8bcaec39fc698f3443b5cf"
            },
            "dist": {
                "type": "zip",
                "url": "https://api.github.com/repos/guzzle/psr7/zipball/3cf1b6d4f0c820a2cf8bcaec39fc698f3443b5cf",
                "reference": "3cf1b6d4f0c820a2cf8bcaec39fc698f3443b5cf",
                "shasum": ""
            },
            "require": {
                "php": "^7.2.5 || ^8.0",
                "psr/http-factory": "^1.0",
                "psr/http-message": "^1.0",
                "ralouphie/getallheaders": "^3.0"
            },
            "provide": {
                "psr/http-factory-implementation": "1.0",
                "psr/http-message-implementation": "1.0"
            },
            "require-dev": {
                "bamarni/composer-bin-plugin": "^1.8.1",
                "http-interop/http-factory-tests": "^0.9",
                "phpunit/phpunit": "^8.5.29 || ^9.5.23"
            },
            "suggest": {
                "laminas/laminas-httphandlerrunner": "Emit PSR-7 responses"
            },
            "type": "library",
            "extra": {
                "bamarni-bin": {
                    "bin-links": true,
                    "forward-command": false
                },
                "branch-alias": {
                    "dev-master": "2.4-dev"
                }
            },
            "autoload": {
                "psr-4": {
                    "GuzzleHttp\\Psr7\\": "src/"
                }
            },
            "notification-url": "https://packagist.org/downloads/",
            "license": [
                "MIT"
            ],
            "authors": [
                {
                    "name": "Graham Campbell",
                    "email": "hello@gjcampbell.co.uk",
                    "homepage": "https://github.com/GrahamCampbell"
                },
                {
                    "name": "Michael Dowling",
                    "email": "mtdowling@gmail.com",
                    "homepage": "https://github.com/mtdowling"
                },
                {
                    "name": "George Mponos",
                    "email": "gmponos@gmail.com",
                    "homepage": "https://github.com/gmponos"
                },
                {
                    "name": "Tobias Nyholm",
                    "email": "tobias.nyholm@gmail.com",
                    "homepage": "https://github.com/Nyholm"
                },
                {
                    "name": "Márk Sági-Kazár",
                    "email": "mark.sagikazar@gmail.com",
                    "homepage": "https://github.com/sagikazarmark"
                },
                {
                    "name": "Tobias Schultze",
                    "email": "webmaster@tubo-world.de",
                    "homepage": "https://github.com/Tobion"
                },
                {
                    "name": "Márk Sági-Kazár",
                    "email": "mark.sagikazar@gmail.com",
                    "homepage": "https://sagikazarmark.hu"
                }
            ],
            "description": "PSR-7 message implementation that also provides common utility methods",
            "keywords": [
                "http",
                "message",
                "psr-7",
                "request",
                "response",
                "stream",
                "uri",
                "url"
            ],
            "support": {
                "issues": "https://github.com/guzzle/psr7/issues",
                "source": "https://github.com/guzzle/psr7/tree/2.4.4"
            },
            "funding": [
                {
                    "url": "https://github.com/GrahamCampbell",
                    "type": "github"
                },
                {
                    "url": "https://github.com/Nyholm",
                    "type": "github"
                },
                {
                    "url": "https://tidelift.com/funding/github/packagist/guzzlehttp/psr7",
                    "type": "tidelift"
                }
            ],
            "time": "2023-03-09T13:19:02+00:00"
        },
        {
            "name": "hosteurope/password-generator",
            "version": "v1.0.1",
            "source": {
                "type": "git",
                "url": "https://github.com/hosteurope/password-generator.git",
                "reference": "21bb99eb9ae47191d816368d3d9e54562e3f9a5f"
            },
            "dist": {
                "type": "zip",
                "url": "https://api.github.com/repos/hosteurope/password-generator/zipball/21bb99eb9ae47191d816368d3d9e54562e3f9a5f",
                "reference": "21bb99eb9ae47191d816368d3d9e54562e3f9a5f",
                "shasum": ""
            },
            "require": {
                "php": ">=7.0.0"
            },
            "require-dev": {
                "phpunit/phpunit": "^5.5"
            },
            "type": "library",
            "autoload": {
                "psr-4": {
                    "PasswordGenerator\\": "src/",
                    "PasswordGeneratorTests\\": "tests/"
                }
            },
            "notification-url": "https://packagist.org/downloads/",
            "license": [
                "MIT"
            ],
            "authors": [
                {
                    "name": "Karim Geiger",
                    "email": "karim.geiger@heg.com"
                }
            ],
            "description": "Password generator for generating policy-compliant passwords.",
            "support": {
                "issues": "https://github.com/hosteurope/password-generator/issues",
                "source": "https://github.com/hosteurope/password-generator/tree/master"
            },
            "time": "2016-12-08T09:32:12+00:00"
        },
        {
            "name": "jkingweb/druuid",
            "version": "3.0.0",
            "source": {
                "type": "git",
                "url": "https://github.com/JKingweb/DrUUID.git",
                "reference": "ca88019069f03ee9c0b1bb6b0200f421bbc9607e"
            },
            "dist": {
                "type": "zip",
                "url": "https://api.github.com/repos/JKingweb/DrUUID/zipball/ca88019069f03ee9c0b1bb6b0200f421bbc9607e",
                "reference": "ca88019069f03ee9c0b1bb6b0200f421bbc9607e",
                "shasum": ""
            },
            "require": {
                "php": ">=5.3.0"
            },
            "suggest": {
                "ext-bcmath": "Supported alternative to GMP on 32-bit systems",
                "ext-gmp": "Recommended on 32-bit installations for time-base UUIDs",
                "phpseclib/phpseclib": "Supported alternative to GMP or BC Math on 32-bit systems (either v1.x or v2.x)"
            },
            "type": "library",
            "autoload": {
                "psr-4": {
                    "JKingWeb\\DrUUID\\": "lib/"
                }
            },
            "notification-url": "https://packagist.org/downloads/",
            "license": [
                "MIT"
            ],
            "authors": [
                {
                    "name": "J. King",
                    "email": "jking@jkingweb.ca",
                    "homepage": "https://jkingweb.ca/"
                }
            ],
            "description": "DrUUID RFC 4122 library for PHP",
            "keywords": [
                "uuid"
            ],
            "support": {
                "issues": "https://github.com/JKingweb/DrUUID/issues",
                "source": "https://github.com/JKingweb/DrUUID/tree/3.0.0"
            },
            "time": "2017-02-09T14:17:01+00:00"
        },
        {
            "name": "kevinrob/guzzle-cache-middleware",
            "version": "v2.1.1",
            "source": {
                "type": "git",
                "url": "https://github.com/Kevinrob/guzzle-cache-middleware.git",
                "reference": "6952064f7747756b0be7b4c234c0fd7535ea4c8c"
            },
            "dist": {
                "type": "zip",
                "url": "https://api.github.com/repos/Kevinrob/guzzle-cache-middleware/zipball/6952064f7747756b0be7b4c234c0fd7535ea4c8c",
                "reference": "6952064f7747756b0be7b4c234c0fd7535ea4c8c",
                "shasum": ""
            },
            "require": {
                "php": ">=5.5.0"
            },
            "require-dev": {
                "cache/array-adapter": "^0.4",
                "doctrine/cache": "^1.0",
                "guzzlehttp/guzzle": "^6.0",
                "illuminate/cache": "^5.0",
                "league/flysystem": "^1.0",
                "phpunit/phpunit": "^4.0 || ^5.0",
                "psr/cache": "^1.0"
            },
            "suggest": {
                "doctrine/cache": "This library have a lot of ready-to-use cache storage (to be use with Kevinrob\\GuzzleCache\\Storage\\DoctrineCacheStorage)",
                "guzzlehttp/guzzle": "For using this library. It was created for Guzzle6. (but you can use it with any PSR-7 HTTP Client)",
                "laravel/framework": "To be use with Kevinrob\\GuzzleCache\\Storage\\LaravelCacheStorage",
                "league/flysystem": "To be use with Kevinrob\\GuzzleCache\\Storage\\FlysystemStorage",
                "psr/cache": "To be use with Kevinrob\\GuzzleCache\\Storage\\Psr6CacheStorage"
            },
            "type": "library",
            "autoload": {
                "psr-4": {
                    "Kevinrob\\GuzzleCache\\": "src/"
                }
            },
            "notification-url": "https://packagist.org/downloads/",
            "license": [
                "MIT"
            ],
            "authors": [
                {
                    "name": "Kevin Robatel",
                    "email": "kevinrob2@gmail.com",
                    "homepage": "https://github.com/Kevinrob"
                }
            ],
            "description": "A HTTP/1.1 Cache for Guzzle 6. It's a simple Middleware to be added in the HandlerStack. (RFC 7234)",
            "homepage": "https://github.com/Kevinrob/guzzle-cache-middleware",
            "keywords": [
                "Etag",
                "Flysystem",
                "Guzzle",
                "cache",
                "cache-control",
                "doctrine",
                "expiration",
                "guzzle6",
                "handler",
                "http",
                "http 1.1",
                "middleware",
                "performance",
                "php",
                "promise",
                "psr6",
                "psr7",
                "rfc7234",
                "validation"
            ],
            "support": {
                "issues": "https://github.com/Kevinrob/guzzle-cache-middleware/issues",
                "source": "https://github.com/Kevinrob/guzzle-cache-middleware/tree/master"
            },
            "time": "2017-08-17T12:23:43+00:00"
        },
        {
            "name": "laminas/laminas-httphandlerrunner",
            "version": "2.1.0",
            "source": {
                "type": "git",
                "url": "https://github.com/laminas/laminas-httphandlerrunner.git",
                "reference": "4d337cde83e6b901a4443b0ab5c3b97cbaa46413"
            },
            "dist": {
                "type": "zip",
                "url": "https://api.github.com/repos/laminas/laminas-httphandlerrunner/zipball/4d337cde83e6b901a4443b0ab5c3b97cbaa46413",
                "reference": "4d337cde83e6b901a4443b0ab5c3b97cbaa46413",
                "shasum": ""
            },
            "require": {
                "php": "^7.3 || ~8.0.0 || ~8.1.0",
                "psr/http-message": "^1.0",
                "psr/http-message-implementation": "^1.0",
                "psr/http-server-handler": "^1.0"
            },
            "require-dev": {
                "laminas/laminas-coding-standard": "~2.3.0",
                "laminas/laminas-diactoros": "^2.8.0",
                "phpunit/phpunit": "^9.5.9",
                "psalm/plugin-phpunit": "^0.16.1",
                "vimeo/psalm": "^4.10.0"
            },
            "type": "library",
            "extra": {
                "laminas": {
                    "config-provider": "Laminas\\HttpHandlerRunner\\ConfigProvider"
                }
            },
            "autoload": {
                "psr-4": {
                    "Laminas\\HttpHandlerRunner\\": "src/"
                }
            },
            "notification-url": "https://packagist.org/downloads/",
            "license": [
                "BSD-3-Clause"
            ],
            "description": "Execute PSR-15 RequestHandlerInterface instances and emit responses they generate.",
            "homepage": "https://laminas.dev",
            "keywords": [
                "components",
                "laminas",
                "mezzio",
                "psr-15",
                "psr-7"
            ],
            "support": {
                "chat": "https://laminas.dev/chat",
                "docs": "https://docs.laminas.dev/laminas-httphandlerrunner/",
                "forum": "https://discourse.laminas.dev",
                "issues": "https://github.com/laminas/laminas-httphandlerrunner/issues",
                "rss": "https://github.com/laminas/laminas-httphandlerrunner/releases.atom",
                "source": "https://github.com/laminas/laminas-httphandlerrunner"
            },
            "funding": [
                {
                    "url": "https://funding.communitybridge.org/projects/laminas-project",
                    "type": "community_bridge"
                }
            ],
            "time": "2021-09-22T09:27:36+00:00"
        },
        {
            "name": "laminas/laminas-xml",
            "version": "1.4.0",
            "source": {
                "type": "git",
                "url": "https://github.com/laminas/laminas-xml.git",
                "reference": "dcadeefdb6d7ed6b39d772b47e3845003d6ea60f"
            },
            "dist": {
                "type": "zip",
                "url": "https://api.github.com/repos/laminas/laminas-xml/zipball/dcadeefdb6d7ed6b39d772b47e3845003d6ea60f",
                "reference": "dcadeefdb6d7ed6b39d772b47e3845003d6ea60f",
                "shasum": ""
            },
            "require": {
                "ext-dom": "*",
                "ext-simplexml": "*",
                "php": "^7.3 || ~8.0.0 || ~8.1.0"
            },
            "conflict": {
                "zendframework/zendxml": "*"
            },
            "require-dev": {
                "ext-iconv": "*",
                "laminas/laminas-coding-standard": "~1.0.0",
                "phpunit/phpunit": "^9.5.8",
                "squizlabs/php_codesniffer": "3.6.1 as 2.9999999.9999999"
            },
            "type": "library",
            "autoload": {
                "psr-4": {
                    "Laminas\\Xml\\": "src/"
                }
            },
            "notification-url": "https://packagist.org/downloads/",
            "license": [
                "BSD-3-Clause"
            ],
            "description": "Utility library for XML usage, best practices, and security in PHP",
            "homepage": "https://laminas.dev",
            "keywords": [
                "laminas",
                "security",
                "xml"
            ],
            "support": {
                "chat": "https://laminas.dev/chat",
                "forum": "https://discourse.laminas.dev",
                "issues": "https://github.com/laminas/laminas-xml/issues",
                "rss": "https://github.com/laminas/laminas-xml/releases.atom",
                "source": "https://github.com/laminas/laminas-xml"
            },
            "funding": [
                {
                    "url": "https://funding.communitybridge.org/projects/laminas-project",
                    "type": "community_bridge"
                }
            ],
            "time": "2021-11-30T02:16:35+00:00"
        },
        {
            "name": "nicolus/picofeed",
            "version": "dev-patch-3",
            "source": {
                "type": "git",
                "url": "https://github.com/JKingweb/picoFeed-1.git",
                "reference": "536911c180651fea79d6e1894a826fff6ab87a52"
            },
            "dist": {
                "type": "zip",
                "url": "https://api.github.com/repos/JKingweb/picoFeed-1/zipball/536911c180651fea79d6e1894a826fff6ab87a52",
                "reference": "536911c180651fea79d6e1894a826fff6ab87a52",
                "shasum": ""
            },
            "require": {
                "ext-dom": "*",
                "ext-iconv": "*",
                "ext-libxml": "*",
                "ext-simplexml": "*",
                "ext-xml": "*",
                "guzzlehttp/guzzle": "^6.0|^7.0",
                "kevinrob/guzzle-cache-middleware": "^2.1",
                "laminas/laminas-xml": "^1.0",
                "php": ">=7.1",
                "psr/log": "^1.0"
            },
            "require-dev": {
                "blastcloud/guzzler": "^1.5",
                "monolog/monolog": "^1.23",
                "php-coveralls/php-coveralls": "^2.1",
                "phpdocumentor/reflection-docblock": "2.0.4",
                "phpunit/phpunit": "^7.0.0"
            },
            "suggest": {
                "ext-curl": "PicoFeed will use cURL if present",
                "monolog/monolog": "You can set a monolog Logger to get debug information from PicoFeed"
            },
            "bin": [
                "picofeed"
            ],
            "type": "library",
            "autoload": {
                "psr-0": {
                    "PicoFeed": "lib/"
                }
            },
            "license": [
                "MIT"
            ],
            "authors": [
                {
                    "name": "Frédéric Guillot"
                },
                {
                    "name": "Nicolas Bailly"
                }
            ],
            "description": "RSS/Atom parsing library",
            "homepage": "https://github.com/nicolus/picoFeed",
            "support": {
                "source": "https://github.com/JKingweb/picoFeed-1/tree/patch-3"
            },
            "time": "2023-03-23T01:54:27+00:00"
        },
        {
            "name": "psr/http-client",
            "version": "1.0.1",
            "source": {
                "type": "git",
                "url": "https://github.com/php-fig/http-client.git",
                "reference": "2dfb5f6c5eff0e91e20e913f8c5452ed95b86621"
            },
            "dist": {
                "type": "zip",
                "url": "https://api.github.com/repos/php-fig/http-client/zipball/2dfb5f6c5eff0e91e20e913f8c5452ed95b86621",
                "reference": "2dfb5f6c5eff0e91e20e913f8c5452ed95b86621",
                "shasum": ""
            },
            "require": {
                "php": "^7.0 || ^8.0",
                "psr/http-message": "^1.0"
            },
            "type": "library",
            "extra": {
                "branch-alias": {
                    "dev-master": "1.0.x-dev"
                }
            },
            "autoload": {
                "psr-4": {
                    "Psr\\Http\\Client\\": "src/"
                }
            },
            "notification-url": "https://packagist.org/downloads/",
            "license": [
                "MIT"
            ],
            "authors": [
                {
                    "name": "PHP-FIG",
                    "homepage": "http://www.php-fig.org/"
                }
            ],
            "description": "Common interface for HTTP clients",
            "homepage": "https://github.com/php-fig/http-client",
            "keywords": [
                "http",
                "http-client",
                "psr",
                "psr-18"
            ],
            "support": {
                "source": "https://github.com/php-fig/http-client/tree/master"
            },
            "time": "2020-06-29T06:28:15+00:00"
        },
        {
            "name": "psr/http-factory",
            "version": "1.0.1",
            "source": {
                "type": "git",
                "url": "https://github.com/php-fig/http-factory.git",
                "reference": "12ac7fcd07e5b077433f5f2bee95b3a771bf61be"
            },
            "dist": {
                "type": "zip",
                "url": "https://api.github.com/repos/php-fig/http-factory/zipball/12ac7fcd07e5b077433f5f2bee95b3a771bf61be",
                "reference": "12ac7fcd07e5b077433f5f2bee95b3a771bf61be",
                "shasum": ""
            },
            "require": {
                "php": ">=7.0.0",
                "psr/http-message": "^1.0"
            },
            "type": "library",
            "extra": {
                "branch-alias": {
                    "dev-master": "1.0.x-dev"
                }
            },
            "autoload": {
                "psr-4": {
                    "Psr\\Http\\Message\\": "src/"
                }
            },
            "notification-url": "https://packagist.org/downloads/",
            "license": [
                "MIT"
            ],
            "authors": [
                {
                    "name": "PHP-FIG",
                    "homepage": "http://www.php-fig.org/"
                }
            ],
            "description": "Common interfaces for PSR-7 HTTP message factories",
            "keywords": [
                "factory",
                "http",
                "message",
                "psr",
                "psr-17",
                "psr-7",
                "request",
                "response"
            ],
            "support": {
                "source": "https://github.com/php-fig/http-factory/tree/master"
            },
            "time": "2019-04-30T12:38:16+00:00"
        },
        {
            "name": "psr/http-message",
            "version": "1.0.1",
            "source": {
                "type": "git",
                "url": "https://github.com/php-fig/http-message.git",
                "reference": "f6561bf28d520154e4b0ec72be95418abe6d9363"
            },
            "dist": {
                "type": "zip",
                "url": "https://api.github.com/repos/php-fig/http-message/zipball/f6561bf28d520154e4b0ec72be95418abe6d9363",
                "reference": "f6561bf28d520154e4b0ec72be95418abe6d9363",
                "shasum": ""
            },
            "require": {
                "php": ">=5.3.0"
            },
            "type": "library",
            "extra": {
                "branch-alias": {
                    "dev-master": "1.0.x-dev"
                }
            },
            "autoload": {
                "psr-4": {
                    "Psr\\Http\\Message\\": "src/"
                }
            },
            "notification-url": "https://packagist.org/downloads/",
            "license": [
                "MIT"
            ],
            "authors": [
                {
                    "name": "PHP-FIG",
                    "homepage": "http://www.php-fig.org/"
                }
            ],
            "description": "Common interface for HTTP messages",
            "homepage": "https://github.com/php-fig/http-message",
            "keywords": [
                "http",
                "http-message",
                "psr",
                "psr-7",
                "request",
                "response"
            ],
            "support": {
                "source": "https://github.com/php-fig/http-message/tree/master"
            },
            "time": "2016-08-06T14:39:51+00:00"
        },
        {
            "name": "psr/http-server-handler",
            "version": "1.0.1",
            "source": {
                "type": "git",
                "url": "https://github.com/php-fig/http-server-handler.git",
                "reference": "aff2f80e33b7f026ec96bb42f63242dc50ffcae7"
            },
            "dist": {
                "type": "zip",
                "url": "https://api.github.com/repos/php-fig/http-server-handler/zipball/aff2f80e33b7f026ec96bb42f63242dc50ffcae7",
                "reference": "aff2f80e33b7f026ec96bb42f63242dc50ffcae7",
                "shasum": ""
            },
            "require": {
                "php": ">=7.0",
                "psr/http-message": "^1.0"
            },
            "type": "library",
            "extra": {
                "branch-alias": {
                    "dev-master": "1.0.x-dev"
                }
            },
            "autoload": {
                "psr-4": {
                    "Psr\\Http\\Server\\": "src/"
                }
            },
            "notification-url": "https://packagist.org/downloads/",
            "license": [
                "MIT"
            ],
            "authors": [
                {
                    "name": "PHP-FIG",
                    "homepage": "http://www.php-fig.org/"
                }
            ],
            "description": "Common interface for HTTP server-side request handler",
            "keywords": [
                "handler",
                "http",
                "http-interop",
                "psr",
                "psr-15",
                "psr-7",
                "request",
                "response",
                "server"
            ],
            "support": {
                "issues": "https://github.com/php-fig/http-server-handler/issues",
                "source": "https://github.com/php-fig/http-server-handler/tree/master"
            },
            "time": "2018-10-30T16:46:14+00:00"
        },
        {
            "name": "psr/log",
            "version": "1.1.4",
            "source": {
                "type": "git",
                "url": "https://github.com/php-fig/log.git",
                "reference": "d49695b909c3b7628b6289db5479a1c204601f11"
            },
            "dist": {
                "type": "zip",
                "url": "https://api.github.com/repos/php-fig/log/zipball/d49695b909c3b7628b6289db5479a1c204601f11",
                "reference": "d49695b909c3b7628b6289db5479a1c204601f11",
                "shasum": ""
            },
            "require": {
                "php": ">=5.3.0"
            },
            "type": "library",
            "extra": {
                "branch-alias": {
                    "dev-master": "1.1.x-dev"
                }
            },
            "autoload": {
                "psr-4": {
                    "Psr\\Log\\": "Psr/Log/"
                }
            },
            "notification-url": "https://packagist.org/downloads/",
            "license": [
                "MIT"
            ],
            "authors": [
                {
                    "name": "PHP-FIG",
                    "homepage": "https://www.php-fig.org/"
                }
            ],
            "description": "Common interface for logging libraries",
            "homepage": "https://github.com/php-fig/log",
            "keywords": [
                "log",
                "psr",
                "psr-3"
            ],
            "support": {
                "source": "https://github.com/php-fig/log/tree/1.1.4"
            },
            "time": "2021-05-03T11:20:27+00:00"
        },
        {
            "name": "ralouphie/getallheaders",
            "version": "3.0.3",
            "source": {
                "type": "git",
                "url": "https://github.com/ralouphie/getallheaders.git",
                "reference": "120b605dfeb996808c31b6477290a714d356e822"
            },
            "dist": {
                "type": "zip",
                "url": "https://api.github.com/repos/ralouphie/getallheaders/zipball/120b605dfeb996808c31b6477290a714d356e822",
                "reference": "120b605dfeb996808c31b6477290a714d356e822",
                "shasum": ""
            },
            "require": {
                "php": ">=5.6"
            },
            "require-dev": {
                "php-coveralls/php-coveralls": "^2.1",
                "phpunit/phpunit": "^5 || ^6.5"
            },
            "type": "library",
            "autoload": {
                "files": [
                    "src/getallheaders.php"
                ]
            },
            "notification-url": "https://packagist.org/downloads/",
            "license": [
                "MIT"
            ],
            "authors": [
                {
                    "name": "Ralph Khattar",
                    "email": "ralph.khattar@gmail.com"
                }
            ],
            "description": "A polyfill for getallheaders.",
            "support": {
                "issues": "https://github.com/ralouphie/getallheaders/issues",
                "source": "https://github.com/ralouphie/getallheaders/tree/develop"
            },
            "time": "2019-03-08T08:55:37+00:00"
        },
        {
            "name": "symfony/deprecation-contracts",
            "version": "v2.5.2",
            "source": {
                "type": "git",
                "url": "https://github.com/symfony/deprecation-contracts.git",
                "reference": "e8b495ea28c1d97b5e0c121748d6f9b53d075c66"
            },
            "dist": {
                "type": "zip",
                "url": "https://api.github.com/repos/symfony/deprecation-contracts/zipball/e8b495ea28c1d97b5e0c121748d6f9b53d075c66",
                "reference": "e8b495ea28c1d97b5e0c121748d6f9b53d075c66",
                "shasum": ""
            },
            "require": {
                "php": ">=7.1"
            },
            "type": "library",
            "extra": {
                "branch-alias": {
                    "dev-main": "2.5-dev"
                },
                "thanks": {
                    "name": "symfony/contracts",
                    "url": "https://github.com/symfony/contracts"
                }
            },
            "autoload": {
                "files": [
                    "function.php"
                ]
            },
            "notification-url": "https://packagist.org/downloads/",
            "license": [
                "MIT"
            ],
            "authors": [
                {
                    "name": "Nicolas Grekas",
                    "email": "p@tchwork.com"
                },
                {
                    "name": "Symfony Community",
                    "homepage": "https://symfony.com/contributors"
                }
            ],
            "description": "A generic function and convention to trigger deprecation notices",
            "homepage": "https://symfony.com",
            "support": {
                "source": "https://github.com/symfony/deprecation-contracts/tree/v2.5.2"
            },
            "funding": [
                {
                    "url": "https://symfony.com/sponsor",
                    "type": "custom"
                },
                {
                    "url": "https://github.com/fabpot",
                    "type": "github"
                },
                {
                    "url": "https://tidelift.com/funding/github/packagist/symfony/symfony",
                    "type": "tidelift"
                }
            ],
            "time": "2022-01-02T09:53:40+00:00"
        }
    ],
    "packages-dev": [
        {
            "name": "bamarni/composer-bin-plugin",
            "version": "1.8.2",
            "source": {
                "type": "git",
                "url": "https://github.com/bamarni/composer-bin-plugin.git",
                "reference": "92fd7b1e6e9cdae19b0d57369d8ad31a37b6a880"
            },
            "dist": {
                "type": "zip",
                "url": "https://api.github.com/repos/bamarni/composer-bin-plugin/zipball/92fd7b1e6e9cdae19b0d57369d8ad31a37b6a880",
                "reference": "92fd7b1e6e9cdae19b0d57369d8ad31a37b6a880",
                "shasum": ""
            },
            "require": {
                "composer-plugin-api": "^2.0",
                "php": "^7.2.5 || ^8.0"
            },
            "require-dev": {
                "composer/composer": "^2.0",
                "ext-json": "*",
                "phpstan/extension-installer": "^1.1",
                "phpstan/phpstan": "^1.8",
                "phpstan/phpstan-phpunit": "^1.1",
                "phpunit/phpunit": "^8.5 || ^9.5",
                "symfony/console": "^2.8.52 || ^3.4.35 || ^4.4 || ^5.0 || ^6.0",
                "symfony/finder": "^2.8.52 || ^3.4.35 || ^4.4 || ^5.0 || ^6.0",
                "symfony/process": "^2.8.52 || ^3.4.35 || ^4.4 || ^5.0 || ^6.0"
            },
            "type": "composer-plugin",
            "extra": {
                "class": "Bamarni\\Composer\\Bin\\BamarniBinPlugin"
            },
            "autoload": {
                "psr-4": {
                    "Bamarni\\Composer\\Bin\\": "src"
                }
            },
            "notification-url": "https://packagist.org/downloads/",
            "license": [
                "MIT"
            ],
            "description": "No conflicts for your bin dependencies",
            "keywords": [
                "composer",
                "conflict",
                "dependency",
                "executable",
                "isolation",
                "tool"
            ],
            "support": {
                "issues": "https://github.com/bamarni/composer-bin-plugin/issues",
                "source": "https://github.com/bamarni/composer-bin-plugin/tree/1.8.2"
            },
            "time": "2022-10-31T08:38:03+00:00"
        }
    ],
    "aliases": [],
    "minimum-stability": "stable",
    "stability-flags": {
        "nicolus/picofeed": 20
    },
    "prefer-stable": false,
    "prefer-lowest": false,
    "platform": {
        "php": ">=7.3",
        "ext-intl": "*",
        "ext-json": "*",
        "ext-hash": "*",
        "ext-filter": "*",
        "ext-dom": "*"
    },
    "platform-dev": [],
    "platform-overrides": {
        "php": "7.3.33"
    },
    "plugin-api-version": "2.3.0"
}
